// !$*UTF8*$!
{
	archiveVersion = 1;
	classes = {
	};
	objectVersion = 70;
	objects = {

/* Begin PBXBuildFile section */
		5044EE9C2C3B082300071C5C /* Pow in Frameworks */ = {isa = PBXBuildFile; productRef = 5044EE9B2C3B082300071C5C /* Pow */; };
		E0CBB31E2DEA15D200F181D2 /* BitCollections in Frameworks */ = {isa = PBXBuildFile; productRef = E0CBB31D2DEA15D200F181D2 /* BitCollections */; };
		E0CBB3202DEA15D200F181D2 /* Collections in Frameworks */ = {isa = PBXBuildFile; productRef = E0CBB31F2DEA15D200F181D2 /* Collections */; };
		E0CBB3222DEA15D200F181D2 /* DequeModule in Frameworks */ = {isa = PBXBuildFile; productRef = E0CBB3212DEA15D200F181D2 /* DequeModule */; };
		E0CBB3242DEA15D200F181D2 /* HashTreeCollections in Frameworks */ = {isa = PBXBuildFile; productRef = E0CBB3232DEA15D200F181D2 /* HashTreeCollections */; };
		E0CBB3262DEA15D200F181D2 /* HeapModule in Frameworks */ = {isa = PBXBuildFile; productRef = E0CBB3252DEA15D200F181D2 /* HeapModule */; };
		E0CBB3292DEA15FF00F181D2 /* LaunchAtLogin in Frameworks */ = {isa = PBXBuildFile; productRef = E0CBB3282DEA15FF00F181D2 /* LaunchAtLogin */; };
/* End PBXBuildFile section */

/* Begin PBXFileReference section */
		504381802C3A86EA000ED325 /* NotchDrop.app */ = {isa = PBXFileReference; explicitFileType = wrapper.application; includeInIndex = 0; path = NotchDrop.app; sourceTree = BUILT_PRODUCTS_DIR; };
/* End PBXFileReference section */

/* Begin PBXFileSystemSynchronizedBuildFileExceptionSet section */
		E0AA69FF2DE90392004C46E1 /* PBXFileSystemSynchronizedBuildFileExceptionSet */ = {
			isa = PBXFileSystemSynchronizedBuildFileExceptionSet;
			membershipExceptions = (
				Info.plist,
			);
			target = 5043817F2C3A86EA000ED325 /* NotchDrop */;
		};
/* End PBXFileSystemSynchronizedBuildFileExceptionSet section */

/* Begin PBXFileSystemSynchronizedRootGroup section */
		E0AA69DF2DE90392004C46E1 /* NotchDrop */ = {isa = PBXFileSystemSynchronizedRootGroup; exceptions = (E0AA69FF2DE90392004C46E1 /* PBXFileSystemSynchronizedBuildFileExceptionSet */, ); explicitFileTypes = {}; explicitFolders = (); path = NotchDrop; sourceTree = "<group>"; };
/* End PBXFileSystemSynchronizedRootGroup section */

/* Begin PBXFrameworksBuildPhase section */
		5043817D2C3A86EA000ED325 /* Frameworks */ = {
			isa = PBXFrameworksBuildPhase;
			buildActionMask = 2147483647;
			files = (
				E0CBB3242DEA15D200F181D2 /* HashTreeCollections in Frameworks */,
				5044EE9C2C3B082300071C5C /* Pow in Frameworks */,
				E0CBB3292DEA15FF00F181D2 /* LaunchAtLogin in Frameworks */,
				E0CBB3262DEA15D200F181D2 /* HeapModule in Frameworks */,
				E0CBB3222DEA15D200F181D2 /* DequeModule in Frameworks */,
				E0CBB3202DEA15D200F181D2 /* Collections in Frameworks */,
				E0CBB31E2DEA15D200F181D2 /* BitCollections in Frameworks */,
			);
			runOnlyForDeploymentPostprocessing = 0;
		};
/* End PBXFrameworksBuildPhase section */

/* Begin PBXGroup section */
		504381772C3A86EA000ED325 = {
			isa = PBXGroup;
			children = (
				E0AA69DF2DE90392004C46E1 /* NotchDrop */,
				504381812C3A86EA000ED325 /* Products */,
				504381AD2C3ADDAB000ED325 /* Frameworks */,
			);
			sourceTree = "<group>";
		};
		504381812C3A86EA000ED325 /* Products */ = {
			isa = PBXGroup;
			children = (
				504381802C3A86EA000ED325 /* NotchDrop.app */,
			);
			name = Products;
			sourceTree = "<group>";
		};
		504381AD2C3ADDAB000ED325 /* Frameworks */ = {
			isa = PBXGroup;
			children = (
			);
			name = Frameworks;
			sourceTree = "<group>";
		};
/* End PBXGroup section */

/* Begin PBXNativeTarget section */
		5043817F2C3A86EA000ED325 /* NotchDrop */ = {
			isa = PBXNativeTarget;
			buildConfigurationList = 5043818F2C3A86EC000ED325 /* Build configuration list for PBXNativeTarget "NotchDrop" */;
			buildPhases = (
				5043817C2C3A86EA000ED325 /* Sources */,
				5043817D2C3A86EA000ED325 /* Frameworks */,
				5043817E2C3A86EA000ED325 /* Resources */,
			);
			buildRules = (
			);
			dependencies = (
			);
			fileSystemSynchronizedGroups = (
				E0AA69DF2DE90392004C46E1 /* NotchDrop */,
			);
			name = NotchDrop;
			packageProductDependencies = (
				5044EE9B2C3B082300071C5C /* Pow */,
				E0CBB31D2DEA15D200F181D2 /* BitCollections */,
				E0CBB31F2DEA15D200F181D2 /* Collections */,
				E0CBB3212DEA15D200F181D2 /* DequeModule */,
				E0CBB3232DEA15D200F181D2 /* HashTreeCollections */,
				E0CBB3252DEA15D200F181D2 /* HeapModule */,
				E0CBB3282DEA15FF00F181D2 /* LaunchAtLogin */,
			);
			productName = NotchDrop;
			productReference = 504381802C3A86EA000ED325 /* NotchDrop.app */;
			productType = "com.apple.product-type.application";
		};
/* End PBXNativeTarget section */

/* Begin PBXProject section */
		504381782C3A86EA000ED325 /* Project object */ = {
			isa = PBXProject;
			attributes = {
				BuildIndependentTargetsInParallel = 1;
				LastSwiftUpdateCheck = 1540;
				LastUpgradeCheck = 1630;
				TargetAttributes = {
					5043817F2C3A86EA000ED325 = {
						CreatedOnToolsVersion = 15.4;
					};
				};
			};
			buildConfigurationList = 5043817B2C3A86EA000ED325 /* Build configuration list for PBXProject "NotchDrop" */;
			compatibilityVersion = "Xcode 14.0";
			developmentRegion = en;
			hasScannedForEncodings = 0;
			knownRegions = (
				en,
				Base,
				"zh-Hans",
				"zh-Hant",
				ja,
				fr,
			);
			mainGroup = 504381772C3A86EA000ED325;
			packageReferences = (
				5044EE9A2C3B082300071C5C /* XCRemoteSwiftPackageReference "Pow" */,
				E0CBB31C2DEA15D200F181D2 /* XCRemoteSwiftPackageReference "swift-collections" */,
				E0CBB3272DEA15FF00F181D2 /* XCRemoteSwiftPackageReference "LaunchAtLogin-Modern" */,
			);
			productRefGroup = 504381812C3A86EA000ED325 /* Products */;
			projectDirPath = "";
			projectRoot = "";
			targets = (
				5043817F2C3A86EA000ED325 /* NotchDrop */,
			);
		};
/* End PBXProject section */

/* Begin PBXResourcesBuildPhase section */
		5043817E2C3A86EA000ED325 /* Resources */ = {
			isa = PBXResourcesBuildPhase;
			buildActionMask = 2147483647;
			files = (
			);
			runOnlyForDeploymentPostprocessing = 0;
		};
/* End PBXResourcesBuildPhase section */

/* Begin PBXSourcesBuildPhase section */
		5043817C2C3A86EA000ED325 /* Sources */ = {
			isa = PBXSourcesBuildPhase;
			buildActionMask = 2147483647;
			files = (
			);
			runOnlyForDeploymentPostprocessing = 0;
		};
/* End PBXSourcesBuildPhase section */

/* Begin XCBuildConfiguration section */
		5043818D2C3A86EC000ED325 /* Debug */ = {
			isa = XCBuildConfiguration;
			buildSettings = {
				ALWAYS_SEARCH_USER_PATHS = NO;
				ASSETCATALOG_COMPILER_GENERATE_SWIFT_ASSET_SYMBOL_EXTENSIONS = YES;
				CLANG_ANALYZER_LOCALIZABILITY_NONLOCALIZED = YES;
				CLANG_ANALYZER_NONNULL = YES;
				CLANG_ANALYZER_NUMBER_OBJECT_CONVERSION = YES_AGGRESSIVE;
				CLANG_CXX_LANGUAGE_STANDARD = "gnu++20";
				CLANG_ENABLE_MODULES = YES;
				CLANG_ENABLE_OBJC_ARC = YES;
				CLANG_ENABLE_OBJC_WEAK = YES;
				CLANG_WARN_BLOCK_CAPTURE_AUTORELEASING = YES;
				CLANG_WARN_BOOL_CONVERSION = YES;
				CLANG_WARN_COMMA = YES;
				CLANG_WARN_CONSTANT_CONVERSION = YES;
				CLANG_WARN_DEPRECATED_OBJC_IMPLEMENTATIONS = YES;
				CLANG_WARN_DIRECT_OBJC_ISA_USAGE = YES_ERROR;
				CLANG_WARN_DOCUMENTATION_COMMENTS = YES;
				CLANG_WARN_EMPTY_BODY = YES;
				CLANG_WARN_ENUM_CONVERSION = YES;
				CLANG_WARN_INFINITE_RECURSION = YES;
				CLANG_WARN_INT_CONVERSION = YES;
				CLANG_WARN_NON_LITERAL_NULL_CONVERSION = YES;
				CLANG_WARN_OBJC_IMPLICIT_RETAIN_SELF = YES;
				CLANG_WARN_OBJC_LITERAL_CONVERSION = YES;
				CLANG_WARN_OBJC_ROOT_CLASS = YES_ERROR;
				CLANG_WARN_QUOTED_INCLUDE_IN_FRAMEWORK_HEADER = YES;
				CLANG_WARN_RANGE_LOOP_ANALYSIS = YES;
				CLANG_WARN_STRICT_PROTOTYPES = YES;
				CLANG_WARN_SUSPICIOUS_MOVE = YES;
				CLANG_WARN_UNGUARDED_AVAILABILITY = YES_AGGRESSIVE;
				CLANG_WARN_UNREACHABLE_CODE = YES;
				CLANG_WARN__DUPLICATE_METHOD_MATCH = YES;
				COPY_PHASE_STRIP = NO;
				DEAD_CODE_STRIPPING = YES;
				DEBUG_INFORMATION_FORMAT = dwarf;
				DEVELOPMENT_TEAM = Y22PRZL3N4;
				ENABLE_STRICT_OBJC_MSGSEND = YES;
				ENABLE_TESTABILITY = YES;
				ENABLE_USER_SCRIPT_SANDBOXING = YES;
				GCC_C_LANGUAGE_STANDARD = gnu17;
				GCC_DYNAMIC_NO_PIC = NO;
				GCC_NO_COMMON_BLOCKS = YES;
				GCC_OPTIMIZATION_LEVEL = 0;
				GCC_PREPROCESSOR_DEFINITIONS = (
					"DEBUG=1",
					"$(inherited)",
				);
				GCC_WARN_64_TO_32_BIT_CONVERSION = YES;
				GCC_WARN_ABOUT_RETURN_TYPE = YES_ERROR;
				GCC_WARN_UNDECLARED_SELECTOR = YES;
				GCC_WARN_UNINITIALIZED_AUTOS = YES_AGGRESSIVE;
				GCC_WARN_UNUSED_FUNCTION = YES;
				GCC_WARN_UNUSED_VARIABLE = YES;
				LOCALIZATION_PREFERS_STRING_CATALOGS = YES;
				MACOSX_DEPLOYMENT_TARGET = 14.5;
				MTL_ENABLE_DEBUG_INFO = INCLUDE_SOURCE;
				MTL_FAST_MATH = YES;
				ONLY_ACTIVE_ARCH = YES;
				SDKROOT = macosx;
				SWIFT_ACTIVE_COMPILATION_CONDITIONS = "DEBUG $(inherited)";
				SWIFT_EMIT_LOC_STRINGS = YES;
				SWIFT_OPTIMIZATION_LEVEL = "-Onone";
			};
			name = Debug;
		};
		5043818E2C3A86EC000ED325 /* Release */ = {
			isa = XCBuildConfiguration;
			buildSettings = {
				ALWAYS_SEARCH_USER_PATHS = NO;
				ASSETCATALOG_COMPILER_GENERATE_SWIFT_ASSET_SYMBOL_EXTENSIONS = YES;
				CLANG_ANALYZER_LOCALIZABILITY_NONLOCALIZED = YES;
				CLANG_ANALYZER_NONNULL = YES;
				CLANG_ANALYZER_NUMBER_OBJECT_CONVERSION = YES_AGGRESSIVE;
				CLANG_CXX_LANGUAGE_STANDARD = "gnu++20";
				CLANG_ENABLE_MODULES = YES;
				CLANG_ENABLE_OBJC_ARC = YES;
				CLANG_ENABLE_OBJC_WEAK = YES;
				CLANG_WARN_BLOCK_CAPTURE_AUTORELEASING = YES;
				CLANG_WARN_BOOL_CONVERSION = YES;
				CLANG_WARN_COMMA = YES;
				CLANG_WARN_CONSTANT_CONVERSION = YES;
				CLANG_WARN_DEPRECATED_OBJC_IMPLEMENTATIONS = YES;
				CLANG_WARN_DIRECT_OBJC_ISA_USAGE = YES_ERROR;
				CLANG_WARN_DOCUMENTATION_COMMENTS = YES;
				CLANG_WARN_EMPTY_BODY = YES;
				CLANG_WARN_ENUM_CONVERSION = YES;
				CLANG_WARN_INFINITE_RECURSION = YES;
				CLANG_WARN_INT_CONVERSION = YES;
				CLANG_WARN_NON_LITERAL_NULL_CONVERSION = YES;
				CLANG_WARN_OBJC_IMPLICIT_RETAIN_SELF = YES;
				CLANG_WARN_OBJC_LITERAL_CONVERSION = YES;
				CLANG_WARN_OBJC_ROOT_CLASS = YES_ERROR;
				CLANG_WARN_QUOTED_INCLUDE_IN_FRAMEWORK_HEADER = YES;
				CLANG_WARN_RANGE_LOOP_ANALYSIS = YES;
				CLANG_WARN_STRICT_PROTOTYPES = YES;
				CLANG_WARN_SUSPICIOUS_MOVE = YES;
				CLANG_WARN_UNGUARDED_AVAILABILITY = YES_AGGRESSIVE;
				CLANG_WARN_UNREACHABLE_CODE = YES;
				CLANG_WARN__DUPLICATE_METHOD_MATCH = YES;
				COPY_PHASE_STRIP = NO;
				DEAD_CODE_STRIPPING = YES;
				DEBUG_INFORMATION_FORMAT = "dwarf-with-dsym";
				DEVELOPMENT_TEAM = Y22PRZL3N4;
				ENABLE_NS_ASSERTIONS = NO;
				ENABLE_STRICT_OBJC_MSGSEND = YES;
				ENABLE_USER_SCRIPT_SANDBOXING = YES;
				GCC_C_LANGUAGE_STANDARD = gnu17;
				GCC_NO_COMMON_BLOCKS = YES;
				GCC_WARN_64_TO_32_BIT_CONVERSION = YES;
				GCC_WARN_ABOUT_RETURN_TYPE = YES_ERROR;
				GCC_WARN_UNDECLARED_SELECTOR = YES;
				GCC_WARN_UNINITIALIZED_AUTOS = YES_AGGRESSIVE;
				GCC_WARN_UNUSED_FUNCTION = YES;
				GCC_WARN_UNUSED_VARIABLE = YES;
				LOCALIZATION_PREFERS_STRING_CATALOGS = YES;
				MACOSX_DEPLOYMENT_TARGET = 14.5;
				MTL_ENABLE_DEBUG_INFO = NO;
				MTL_FAST_MATH = YES;
				SDKROOT = macosx;
				SWIFT_COMPILATION_MODE = wholemodule;
				SWIFT_EMIT_LOC_STRINGS = YES;
			};
			name = Release;
		};
		504381902C3A86EC000ED325 /* Debug */ = {
			isa = XCBuildConfiguration;
			buildSettings = {
				ASSETCATALOG_COMPILER_APPICON_NAME = AppIcon;
				ASSETCATALOG_COMPILER_GLOBAL_ACCENT_COLOR_NAME = AccentColor;
				CODE_SIGN_ENTITLEMENTS = NotchDrop/NotchDrop.entitlements;
				"CODE_SIGN_IDENTITY[sdk=macosx*]" = "Apple Development";
				CODE_SIGN_STYLE = Automatic;
				COMBINE_HIDPI_IMAGES = YES;
				CURRENT_PROJECT_VERSION = 42;
				DEAD_CODE_STRIPPING = YES;
				ENABLE_HARDENED_RUNTIME = YES;
				ENABLE_PREVIEWS = YES;
				GENERATE_INFOPLIST_FILE = YES;
				INFOPLIST_FILE = NotchDrop/Info.plist;
				INFOPLIST_KEY_CFBundleDisplayName = NotchDrop;
				INFOPLIST_KEY_ITSAppUsesNonExemptEncryption = NO;
				INFOPLIST_KEY_LSApplicationCategoryType = "public.app-category.utilities";
				INFOPLIST_KEY_NSHumanReadableCopyright = "Copyright © 2024 Lakr Aream. All rights reserved.";
				LD_RUNPATH_SEARCH_PATHS = (
					"$(inherited)",
					"@executable_path/../Frameworks",
				);
				MACOSX_DEPLOYMENT_TARGET = 13.0;
				MARKETING_VERSION = 2.16;
				PRODUCT_BUNDLE_IDENTIFIER = com.liamwilley.NotchDrop;
				PRODUCT_NAME = "$(TARGET_NAME)";
				SWIFT_EMIT_LOC_STRINGS = YES;
				SWIFT_VERSION = 5.0;
			};
			name = Debug;
		};
		504381912C3A86EC000ED325 /* Release */ = {
			isa = XCBuildConfiguration;
			buildSettings = {
				ASSETCATALOG_COMPILER_APPICON_NAME = AppIcon;
				ASSETCATALOG_COMPILER_GLOBAL_ACCENT_COLOR_NAME = AccentColor;
				CODE_SIGN_ENTITLEMENTS = NotchDrop/NotchDrop.entitlements;
				"CODE_SIGN_IDENTITY[sdk=macosx*]" = "Apple Development";
				CODE_SIGN_STYLE = Automatic;
				COMBINE_HIDPI_IMAGES = YES;
				CURRENT_PROJECT_VERSION = 42;
				DEAD_CODE_STRIPPING = YES;
				ENABLE_HARDENED_RUNTIME = YES;
				ENABLE_PREVIEWS = YES;
				GENERATE_INFOPLIST_FILE = YES;
				INFOPLIST_FILE = NotchDrop/Info.plist;
				INFOPLIST_KEY_CFBundleDisplayName = NotchDrop;
				INFOPLIST_KEY_ITSAppUsesNonExemptEncryption = NO;
				INFOPLIST_KEY_LSApplicationCategoryType = "public.app-category.utilities";
				INFOPLIST_KEY_NSHumanReadableCopyright = "Copyright © 2024 Lakr Aream. All rights reserved.";
				LD_RUNPATH_SEARCH_PATHS = (
					"$(inherited)",
					"@executable_path/../Frameworks",
				);
				MACOSX_DEPLOYMENT_TARGET = 13.0;
				MARKETING_VERSION = 2.16;
				PRODUCT_BUNDLE_IDENTIFIER = com.liamwilley.NotchDrop;
				PRODUCT_NAME = "$(TARGET_NAME)";
				SWIFT_EMIT_LOC_STRINGS = YES;
				SWIFT_VERSION = 5.0;
			};
			name = Release;
		};
/* End XCBuildConfiguration section */

/* Begin XCConfigurationList section */
		5043817B2C3A86EA000ED325 /* Build configuration list for PBXProject "NotchDrop" */ = {
			isa = XCConfigurationList;
			buildConfigurations = (
				5043818D2C3A86EC000ED325 /* Debug */,
				5043818E2C3A86EC000ED325 /* Release */,
			);
			defaultConfigurationIsVisible = 0;
			defaultConfigurationName = Release;
		};
		5043818F2C3A86EC000ED325 /* Build configuration list for PBXNativeTarget "NotchDrop" */ = {
			isa = XCConfigurationList;
			buildConfigurations = (
				504381902C3A86EC000ED325 /* Debug */,
				504381912C3A86EC000ED325 /* Release */,
			);
			defaultConfigurationIsVisible = 0;
			defaultConfigurationName = Release;
		};
/* End XCConfigurationList section */

/* Begin XCRemoteSwiftPackageReference section */
		5044EE9A2C3B082300071C5C /* XCRemoteSwiftPackageReference "Pow" */ = {
			isa = XCRemoteSwiftPackageReference;
			repositoryURL = "https://github.com/EmergeTools/Pow";
			requirement = {
				kind = upToNextMajorVersion;
				minimumVersion = 1.0.4;
			};
		};
		E0CBB31C2DEA15D200F181D2 /* XCRemoteSwiftPackageReference "swift-collections" */ = {
			isa = XCRemoteSwiftPackageReference;
			repositoryURL = "https://github.com/apple/swift-collections";
			requirement = {
				kind = upToNextMajorVersion;
				minimumVersion = 1.2.0;
			};
		};
		E0CBB3272DEA15FF00F181D2 /* XCRemoteSwiftPackageReference "LaunchAtLogin-Modern" */ = {
			isa = XCRemoteSwiftPackageReference;
			repositoryURL = "https://github.com/sindresorhus/LaunchAtLogin-Modern";
			requirement = {
				kind = upToNextMajorVersion;
				minimumVersion = 1.0.0;
			};
		};
/* End XCRemoteSwiftPackageReference section */

/* Begin XCSwiftPackageProductDependency section */
		5044EE9B2C3B082300071C5C /* Pow */ = {
			isa = XCSwiftPackageProductDependency;
			package = 5044EE9A2C3B082300071C5C /* XCRemoteSwiftPackageReference "Pow" */;
			productName = Pow;
		};
		E0CBB31D2DEA15D200F181D2 /* BitCollections */ = {
			isa = XCSwiftPackageProductDependency;
			package = E0CBB31C2DEA15D200F181D2 /* XCRemoteSwiftPackageReference "swift-collections" */;
			productName = BitCollections;
		};
		E0CBB31F2DEA15D200F181D2 /* Collections */ = {
			isa = XCSwiftPackageProductDependency;
			package = E0CBB31C2DEA15D200F181D2 /* XCRemoteSwiftPackageReference "swift-collections" */;
			productName = Collections;
		};
		E0CBB3212DEA15D200F181D2 /* DequeModule */ = {
			isa = XCSwiftPackageProductDependency;
			package = E0CBB31C2DEA15D200F181D2 /* XCRemoteSwiftPackageReference "swift-collections" */;
			productName = DequeModule;
		};
		E0CBB3232DEA15D200F181D2 /* HashTreeCollections */ = {
			isa = XCSwiftPackageProductDependency;
			package = E0CBB31C2DEA15D200F181D2 /* XCRemoteSwiftPackageReference "swift-collections" */;
			productName = HashTreeCollections;
		};
		E0CBB3252DEA15D200F181D2 /* HeapModule */ = {
			isa = XCSwiftPackageProductDependency;
			package = E0CBB31C2DEA15D200F181D2 /* XCRemoteSwiftPackageReference "swift-collections" */;
			productName = HeapModule;
		};
		E0CBB3282DEA15FF00F181D2 /* LaunchAtLogin */ = {
			isa = XCSwiftPackageProductDependency;
			package = E0CBB3272DEA15FF00F181D2 /* XCRemoteSwiftPackageReference "LaunchAtLogin-Modern" */;
			productName = LaunchAtLogin;
		};
/* End XCSwiftPackageProductDependency section */
	};
	rootObject = 504381782C3A86EA000ED325 /* Project object */;
}
