// !$*UTF8*$!
{
	archiveVersion = 1;
	classes = {
	};
	objectVersion = 56;
	objects = {

/* Begin PBXBuildFile section */
		E0CBB31E2DEA15D200F181D2 /* BitCollections in Frameworks */ = {isa = PBXBuildFile; productRef = E0CBB31D2DEA15D200F181D2 /* BitCollections */; };
		E0CBB3202DEA15D200F181D2 /* Collections in Frameworks */ = {isa = PBXBuildFile; productRef = E0CBB31F2DEA15D200F181D2 /* Collections */; };
		E0CBB3222DEA15D200F181D2 /* DequeModule in Frameworks */ = {isa = PBXBuildFile; productRef = E0CBB3212DEA15D200F181D2 /* DequeModule */; };
		E0CBB3242DEA15D200F181D2 /* HashTreeCollections in Frameworks */ = {isa = PBXBuildFile; productRef = E0CBB3232DEA15D200F181D2 /* HashTreeCollections */; };
		E0CBB3262DEA15D200F181D2 /* HeapModule in Frameworks */ = {isa = PBXBuildFile; productRef = E0CBB3252DEA15D200F181D2 /* HeapModule */; };
		E0CBB3292DEA15FF00F181D2 /* LaunchAtLogin in Frameworks */ = {isa = PBXBuildFile; productRef = E0CBB3282DEA15FF00F181D2 /* LaunchAtLogin */; };
		E0DB92FD2DEA38C700BE9413 /* AppDelegate.swift in Sources */ = {isa = PBXBuildFile; fileRef = E0DB92DD2DEA38C700BE9413 /* AppDelegate.swift */; };
		E0DB92FE2DEA38C700BE9413 /* EventMonitor.swift in Sources */ = {isa = PBXBuildFile; fileRef = E0DB92DF2DEA38C700BE9413 /* EventMonitor.swift */; };
		E0DB92FF2DEA38C700BE9413 /* EventMonitors.swift in Sources */ = {isa = PBXBuildFile; fileRef = E0DB92E02DEA38C700BE9413 /* EventMonitors.swift */; };
		E0DB93002DEA38C700BE9413 /* Ext+FileProvider.swift in Sources */ = {isa = PBXBuildFile; fileRef = E0DB92E12DEA38C700BE9413 /* Ext+FileProvider.swift */; };
		E0DB93012DEA38C700BE9413 /* Ext+NSAlert.swift in Sources */ = {isa = PBXBuildFile; fileRef = E0DB92E22DEA38C700BE9413 /* Ext+NSAlert.swift */; };
		E0DB93022DEA38C700BE9413 /* Ext+NSImage.swift in Sources */ = {isa = PBXBuildFile; fileRef = E0DB92E32DEA38C700BE9413 /* Ext+NSImage.swift */; };
		E0DB93032DEA38C700BE9413 /* Ext+NSScreen.swift in Sources */ = {isa = PBXBuildFile; fileRef = E0DB92E42DEA38C700BE9413 /* Ext+NSScreen.swift */; };
		E0DB93042DEA38C700BE9413 /* Ext+URL.swift in Sources */ = {isa = PBXBuildFile; fileRef = E0DB92E52DEA38C700BE9413 /* Ext+URL.swift */; };
		E0DB93052DEA38C700BE9413 /* Language.swift in Sources */ = {isa = PBXBuildFile; fileRef = E0DB92E82DEA38C700BE9413 /* Language.swift */; };
		E0DB93062DEA38C700BE9413 /* main.swift in Sources */ = {isa = PBXBuildFile; fileRef = E0DB92EA2DEA38C700BE9413 /* main.swift */; };
		E0DB93072DEA38C700BE9413 /* NotchContentView.swift in Sources */ = {isa = PBXBuildFile; fileRef = E0DB92EB2DEA38C700BE9413 /* NotchContentView.swift */; };
		E0DB93082DEA38C700BE9413 /* NotchHeaderView.swift in Sources */ = {isa = PBXBuildFile; fileRef = E0DB92ED2DEA38C700BE9413 /* NotchHeaderView.swift */; };
		E0DB93092DEA38C700BE9413 /* NotchSettingsView.swift in Sources */ = {isa = PBXBuildFile; fileRef = E0DB92EE2DEA38C700BE9413 /* NotchSettingsView.swift */; };
		E0DB930A2DEA38C700BE9413 /* NotchView.swift in Sources */ = {isa = PBXBuildFile; fileRef = E0DB92EF2DEA38C700BE9413 /* NotchView.swift */; };
		E0DB930B2DEA38C700BE9413 /* NotchViewController.swift in Sources */ = {isa = PBXBuildFile; fileRef = E0DB92F02DEA38C700BE9413 /* NotchViewController.swift */; };
		E0DB930C2DEA38C700BE9413 /* NotchViewModel.swift in Sources */ = {isa = PBXBuildFile; fileRef = E0DB92F12DEA38C700BE9413 /* NotchViewModel.swift */; };
		E0DB930D2DEA38C700BE9413 /* NotchViewModel+Events.swift in Sources */ = {isa = PBXBuildFile; fileRef = E0DB92F22DEA38C700BE9413 /* NotchViewModel+Events.swift */; };
		E0DB930E2DEA38C700BE9413 /* NotchWindow.swift in Sources */ = {isa = PBXBuildFile; fileRef = E0DB92F32DEA38C700BE9413 /* NotchWindow.swift */; };
		E0DB930F2DEA38C700BE9413 /* NotchWindowController.swift in Sources */ = {isa = PBXBuildFile; fileRef = E0DB92F42DEA38C700BE9413 /* NotchWindowController.swift */; };
		E0DB93102DEA38C700BE9413 /* PublishedPersist.swift in Sources */ = {isa = PBXBuildFile; fileRef = E0DB92F52DEA38C700BE9413 /* PublishedPersist.swift */; };
		E0DB93112DEA38C700BE9413 /* Share.swift in Sources */ = {isa = PBXBuildFile; fileRef = E0DB92F62DEA38C700BE9413 /* Share.swift */; };
		E0DB93122DEA38C700BE9413 /* ShareView.swift in Sources */ = {isa = PBXBuildFile; fileRef = E0DB92F72DEA38C700BE9413 /* ShareView.swift */; };
		E0DB93132DEA38C700BE9413 /* TrayDrop.swift in Sources */ = {isa = PBXBuildFile; fileRef = E0DB92F82DEA38C700BE9413 /* TrayDrop.swift */; };
		E0DB93142DEA38C700BE9413 /* TrayDropDropItem.swift in Sources */ = {isa = PBXBuildFile; fileRef = E0DB92F92DEA38C700BE9413 /* TrayDropDropItem.swift */; };
		E0DB93152DEA38C700BE9413 /* TrayDropDropItemView.swift in Sources */ = {isa = PBXBuildFile; fileRef = E0DB92FA2DEA38C700BE9413 /* TrayDropDropItemView.swift */; };
		E0DB93162DEA38C700BE9413 /* TrayDropView.swift in Sources */ = {isa = PBXBuildFile; fileRef = E0DB92FB2DEA38C700BE9413 /* TrayDropView.swift */; };
		E0DB93172DEA38C700BE9413 /* Assets.xcassets in Resources */ = {isa = PBXBuildFile; fileRef = E0DB92DE2DEA38C700BE9413 /* Assets.xcassets */; };
		E0DB93192DEA38C700BE9413 /* InfoPlist.xcstrings in Resources */ = {isa = PBXBuildFile; fileRef = E0DB92E72DEA38C700BE9413 /* InfoPlist.xcstrings */; };
		E0DB931A2DEA38C700BE9413 /* Localizable.xcstrings in Resources */ = {isa = PBXBuildFile; fileRef = E0DB92E92DEA38C700BE9413 /* Localizable.xcstrings */; };
/* End PBXBuildFile section */

/* Begin PBXFileReference section */
		504381802C3A86EA000ED325 /* NotchDrop.app */ = {isa = PBXFileReference; explicitFileType = wrapper.application; includeInIndex = 0; path = NotchDrop.app; sourceTree = BUILT_PRODUCTS_DIR; };
		E0DB92DD2DEA38C700BE9413 /* AppDelegate.swift */ = {isa = PBXFileReference; lastKnownFileType = sourcecode.swift; path = AppDelegate.swift; sourceTree = "<group>"; };
		E0DB92DE2DEA38C700BE9413 /* Assets.xcassets */ = {isa = PBXFileReference; lastKnownFileType = folder.assetcatalog; path = Assets.xcassets; sourceTree = "<group>"; };
		E0DB92DF2DEA38C700BE9413 /* EventMonitor.swift */ = {isa = PBXFileReference; lastKnownFileType = sourcecode.swift; path = EventMonitor.swift; sourceTree = "<group>"; };
		E0DB92E02DEA38C700BE9413 /* EventMonitors.swift */ = {isa = PBXFileReference; lastKnownFileType = sourcecode.swift; path = EventMonitors.swift; sourceTree = "<group>"; };
		E0DB92E12DEA38C700BE9413 /* Ext+FileProvider.swift */ = {isa = PBXFileReference; lastKnownFileType = sourcecode.swift; path = "Ext+FileProvider.swift"; sourceTree = "<group>"; };
		E0DB92E22DEA38C700BE9413 /* Ext+NSAlert.swift */ = {isa = PBXFileReference; lastKnownFileType = sourcecode.swift; path = "Ext+NSAlert.swift"; sourceTree = "<group>"; };
		E0DB92E32DEA38C700BE9413 /* Ext+NSImage.swift */ = {isa = PBXFileReference; lastKnownFileType = sourcecode.swift; path = "Ext+NSImage.swift"; sourceTree = "<group>"; };
		E0DB92E42DEA38C700BE9413 /* Ext+NSScreen.swift */ = {isa = PBXFileReference; lastKnownFileType = sourcecode.swift; path = "Ext+NSScreen.swift"; sourceTree = "<group>"; };
		E0DB92E52DEA38C700BE9413 /* Ext+URL.swift */ = {isa = PBXFileReference; lastKnownFileType = sourcecode.swift; path = "Ext+URL.swift"; sourceTree = "<group>"; };
		E0DB92E62DEA38C700BE9413 /* Info.plist */ = {isa = PBXFileReference; lastKnownFileType = text.plist.xml; path = Info.plist; sourceTree = "<group>"; };
		E0DB92E72DEA38C700BE9413 /* InfoPlist.xcstrings */ = {isa = PBXFileReference; lastKnownFileType = text.json.xcstrings; path = InfoPlist.xcstrings; sourceTree = "<group>"; };
		E0DB92E82DEA38C700BE9413 /* Language.swift */ = {isa = PBXFileReference; lastKnownFileType = sourcecode.swift; path = Language.swift; sourceTree = "<group>"; };
		E0DB92E92DEA38C700BE9413 /* Localizable.xcstrings */ = {isa = PBXFileReference; lastKnownFileType = text.json.xcstrings; path = Localizable.xcstrings; sourceTree = "<group>"; };
		E0DB92EA2DEA38C700BE9413 /* main.swift */ = {isa = PBXFileReference; lastKnownFileType = sourcecode.swift; path = main.swift; sourceTree = "<group>"; };
		E0DB92EB2DEA38C700BE9413 /* NotchContentView.swift */ = {isa = PBXFileReference; lastKnownFileType = sourcecode.swift; path = NotchContentView.swift; sourceTree = "<group>"; };
		E0DB92EC2DEA38C700BE9413 /* NotchDrop.entitlements */ = {isa = PBXFileReference; lastKnownFileType = text.plist.entitlements; path = NotchDrop.entitlements; sourceTree = "<group>"; };
		E0DB92ED2DEA38C700BE9413 /* NotchHeaderView.swift */ = {isa = PBXFileReference; lastKnownFileType = sourcecode.swift; path = NotchHeaderView.swift; sourceTree = "<group>"; };
		E0DB92EE2DEA38C700BE9413 /* NotchSettingsView.swift */ = {isa = PBXFileReference; lastKnownFileType = sourcecode.swift; path = NotchSettingsView.swift; sourceTree = "<group>"; };
		E0DB92EF2DEA38C700BE9413 /* NotchView.swift */ = {isa = PBXFileReference; lastKnownFileType = sourcecode.swift; path = NotchView.swift; sourceTree = "<group>"; };
		E0DB92F02DEA38C700BE9413 /* NotchViewController.swift */ = {isa = PBXFileReference; lastKnownFileType = sourcecode.swift; path = NotchViewController.swift; sourceTree = "<group>"; };
		E0DB92F12DEA38C700BE9413 /* NotchViewModel.swift */ = {isa = PBXFileReference; lastKnownFileType = sourcecode.swift; path = NotchViewModel.swift; sourceTree = "<group>"; };
		E0DB92F22DEA38C700BE9413 /* NotchViewModel+Events.swift */ = {isa = PBXFileReference; lastKnownFileType = sourcecode.swift; path = "NotchViewModel+Events.swift"; sourceTree = "<group>"; };
		E0DB92F32DEA38C700BE9413 /* NotchWindow.swift */ = {isa = PBXFileReference; lastKnownFileType = sourcecode.swift; path = NotchWindow.swift; sourceTree = "<group>"; };
		E0DB92F42DEA38C700BE9413 /* NotchWindowController.swift */ = {isa = PBXFileReference; lastKnownFileType = sourcecode.swift; path = NotchWindowController.swift; sourceTree = "<group>"; };
		E0DB92F52DEA38C700BE9413 /* PublishedPersist.swift */ = {isa = PBXFileReference; lastKnownFileType = sourcecode.swift; path = PublishedPersist.swift; sourceTree = "<group>"; };
		E0DB92F62DEA38C700BE9413 /* Share.swift */ = {isa = PBXFileReference; lastKnownFileType = sourcecode.swift; path = Share.swift; sourceTree = "<group>"; };
		E0DB92F72DEA38C700BE9413 /* ShareView.swift */ = {isa = PBXFileReference; lastKnownFileType = sourcecode.swift; path = ShareView.swift; sourceTree = "<group>"; };
		E0DB92F82DEA38C700BE9413 /* TrayDrop.swift */ = {isa = PBXFileReference; lastKnownFileType = sourcecode.swift; path = TrayDrop.swift; sourceTree = "<group>"; };
		E0DB92F92DEA38C700BE9413 /* TrayDropDropItem.swift */ = {isa = PBXFileReference; lastKnownFileType = sourcecode.swift; path = TrayDropDropItem.swift; sourceTree = "<group>"; };
		E0DB92FA2DEA38C700BE9413 /* TrayDropDropItemView.swift */ = {isa = PBXFileReference; lastKnownFileType = sourcecode.swift; path = TrayDropDropItemView.swift; sourceTree = "<group>"; };
		E0DB92FB2DEA38C700BE9413 /* TrayDropView.swift */ = {isa = PBXFileReference; lastKnownFileType = sourcecode.swift; path = TrayDropView.swift; sourceTree = "<group>"; };
/* End PBXFileReference section */

/* Begin PBXFrameworksBuildPhase section */
		5043817D2C3A86EA000ED325 /* Frameworks */ = {
			isa = PBXFrameworksBuildPhase;
			buildActionMask = 2147483647;
			files = (
				E0CBB3242DEA15D200F181D2 /* HashTreeCollections in Frameworks */,
				E0CBB3292DEA15FF00F181D2 /* LaunchAtLogin in Frameworks */,
				E0CBB3262DEA15D200F181D2 /* HeapModule in Frameworks */,
				E0CBB3222DEA15D200F181D2 /* DequeModule in Frameworks */,
				E0CBB3202DEA15D200F181D2 /* Collections in Frameworks */,
				E0CBB31E2DEA15D200F181D2 /* BitCollections in Frameworks */,
			);
			runOnlyForDeploymentPostprocessing = 0;
		};
/* End PBXFrameworksBuildPhase section */

/* Begin PBXGroup section */
		504381772C3A86EA000ED325 = {
			isa = PBXGroup;
			children = (
				E0DB92FC2DEA38C700BE9413 /* NotchDrop */,
				504381812C3A86EA000ED325 /* Products */,
				504381AD2C3ADDAB000ED325 /* Frameworks */,
			);
			sourceTree = "<group>";
		};
		504381812C3A86EA000ED325 /* Products */ = {
			isa = PBXGroup;
			children = (
				504381802C3A86EA000ED325 /* NotchDrop.app */,
			);
			name = Products;
			sourceTree = "<group>";
		};
		504381AD2C3ADDAB000ED325 /* Frameworks */ = {
			isa = PBXGroup;
			children = (
			);
			name = Frameworks;
			sourceTree = "<group>";
		};
		E0DB92FC2DEA38C700BE9413 /* NotchDrop */ = {
			isa = PBXGroup;
			children = (
				E0DB92DD2DEA38C700BE9413 /* AppDelegate.swift */,
				E0DB92DE2DEA38C700BE9413 /* Assets.xcassets */,
				E0DB92DF2DEA38C700BE9413 /* EventMonitor.swift */,
				E0DB92E02DEA38C700BE9413 /* EventMonitors.swift */,
				E0DB92E12DEA38C700BE9413 /* Ext+FileProvider.swift */,
				E0DB92E22DEA38C700BE9413 /* Ext+NSAlert.swift */,
				E0DB92E32DEA38C700BE9413 /* Ext+NSImage.swift */,
				E0DB92E42DEA38C700BE9413 /* Ext+NSScreen.swift */,
				E0DB92E52DEA38C700BE9413 /* Ext+URL.swift */,
				E0DB92E62DEA38C700BE9413 /* Info.plist */,
				E0DB92E72DEA38C700BE9413 /* InfoPlist.xcstrings */,
				E0DB92E82DEA38C700BE9413 /* Language.swift */,
				E0DB92E92DEA38C700BE9413 /* Localizable.xcstrings */,
				E0DB92EA2DEA38C700BE9413 /* main.swift */,
				E0DB92EB2DEA38C700BE9413 /* NotchContentView.swift */,
				E0DB92EC2DEA38C700BE9413 /* NotchDrop.entitlements */,
				E0DB92ED2DEA38C700BE9413 /* NotchHeaderView.swift */,
				E0DB92EE2DEA38C700BE9413 /* NotchSettingsView.swift */,
				E0DB92EF2DEA38C700BE9413 /* NotchView.swift */,
				E0DB92F02DEA38C700BE9413 /* NotchViewController.swift */,
				E0DB92F12DEA38C700BE9413 /* NotchViewModel.swift */,
				E0DB92F22DEA38C700BE9413 /* NotchViewModel+Events.swift */,
				E0DB92F32DEA38C700BE9413 /* NotchWindow.swift */,
				E0DB92F42DEA38C700BE9413 /* NotchWindowController.swift */,
				E0DB92F52DEA38C700BE9413 /* PublishedPersist.swift */,
				E0DB92F62DEA38C700BE9413 /* Share.swift */,
				E0DB92F72DEA38C700BE9413 /* ShareView.swift */,
				E0DB92F82DEA38C700BE9413 /* TrayDrop.swift */,
				E0DB92F92DEA38C700BE9413 /* TrayDropDropItem.swift */,
				E0DB92FA2DEA38C700BE9413 /* TrayDropDropItemView.swift */,
				E0DB92FB2DEA38C700BE9413 /* TrayDropView.swift */,
			);
			path = NotchDrop;
			sourceTree = "<group>";
		};
/* End PBXGroup section */

/* Begin PBXNativeTarget section */
		5043817F2C3A86EA000ED325 /* NotchDrop */ = {
			isa = PBXNativeTarget;
			buildConfigurationList = 5043818F2C3A86EC000ED325 /* Build configuration list for PBXNativeTarget "NotchDrop" */;
			buildPhases = (
				5043817C2C3A86EA000ED325 /* Sources */,
				5043817D2C3A86EA000ED325 /* Frameworks */,
				5043817E2C3A86EA000ED325 /* Resources */,
			);
			buildRules = (
			);
			dependencies = (
			);
			name = NotchDrop;
			packageProductDependencies = (
				E0CBB31D2DEA15D200F181D2 /* BitCollections */,
				E0CBB31F2DEA15D200F181D2 /* Collections */,
				E0CBB3212DEA15D200F181D2 /* DequeModule */,
				E0CBB3232DEA15D200F181D2 /* HashTreeCollections */,
				E0CBB3252DEA15D200F181D2 /* HeapModule */,
				E0CBB3282DEA15FF00F181D2 /* LaunchAtLogin */,
			);
			productName = NotchDrop;
			productReference = 504381802C3A86EA000ED325 /* NotchDrop.app */;
			productType = "com.apple.product-type.application";
		};
/* End PBXNativeTarget section */

/* Begin PBXProject section */
		504381782C3A86EA000ED325 /* Project object */ = {
			isa = PBXProject;
			attributes = {
				BuildIndependentTargetsInParallel = 1;
				LastSwiftUpdateCheck = 1540;
				LastUpgradeCheck = 1630;
				TargetAttributes = {
					5043817F2C3A86EA000ED325 = {
						CreatedOnToolsVersion = 15.4;
					};
				};
			};
			buildConfigurationList = 5043817B2C3A86EA000ED325 /* Build configuration list for PBXProject "NotchDrop" */;
			compatibilityVersion = "Xcode 14.0";
			developmentRegion = en;
			hasScannedForEncodings = 0;
			knownRegions = (
				en,
				Base,
				"zh-Hans",
				"zh-Hant",
				ja,
				fr,
			);
			mainGroup = 504381772C3A86EA000ED325;
			packageReferences = (
				E0CBB31C2DEA15D200F181D2 /* XCRemoteSwiftPackageReference "swift-collections" */,
				E0CBB3272DEA15FF00F181D2 /* XCRemoteSwiftPackageReference "LaunchAtLogin-Modern" */,
			);
			productRefGroup = 504381812C3A86EA000ED325 /* Products */;
			projectDirPath = "";
			projectRoot = "";
			targets = (
				5043817F2C3A86EA000ED325 /* NotchDrop */,
			);
		};
/* End PBXProject section */

/* Begin PBXResourcesBuildPhase section */
		5043817E2C3A86EA000ED325 /* Resources */ = {
			isa = PBXResourcesBuildPhase;
			buildActionMask = 2147483647;
			files = (
				E0DB93172DEA38C700BE9413 /* Assets.xcassets in Resources */,
				E0DB93192DEA38C700BE9413 /* InfoPlist.xcstrings in Resources */,
				E0DB931A2DEA38C700BE9413 /* Localizable.xcstrings in Resources */,
			);
			runOnlyForDeploymentPostprocessing = 0;
		};
/* End PBXResourcesBuildPhase section */

/* Begin PBXSourcesBuildPhase section */
		5043817C2C3A86EA000ED325 /* Sources */ = {
			isa = PBXSourcesBuildPhase;
			buildActionMask = 2147483647;
			files = (
				E0DB92FD2DEA38C700BE9413 /* AppDelegate.swift in Sources */,
				E0DB92FE2DEA38C700BE9413 /* EventMonitor.swift in Sources */,
				E0DB92FF2DEA38C700BE9413 /* EventMonitors.swift in Sources */,
				E0DB93002DEA38C700BE9413 /* Ext+FileProvider.swift in Sources */,
				E0DB93012DEA38C700BE9413 /* Ext+NSAlert.swift in Sources */,
				E0DB93022DEA38C700BE9413 /* Ext+NSImage.swift in Sources */,
				E0DB93032DEA38C700BE9413 /* Ext+NSScreen.swift in Sources */,
				E0DB93042DEA38C700BE9413 /* Ext+URL.swift in Sources */,
				E0DB93052DEA38C700BE9413 /* Language.swift in Sources */,
				E0DB93062DEA38C700BE9413 /* main.swift in Sources */,
				E0DB93072DEA38C700BE9413 /* NotchContentView.swift in Sources */,
				E0DB93082DEA38C700BE9413 /* NotchHeaderView.swift in Sources */,
				E0DB93092DEA38C700BE9413 /* NotchSettingsView.swift in Sources */,
				E0DB930A2DEA38C700BE9413 /* NotchView.swift in Sources */,
				E0DB930B2DEA38C700BE9413 /* NotchViewController.swift in Sources */,
				E0DB930C2DEA38C700BE9413 /* NotchViewModel.swift in Sources */,
				E0DB930D2DEA38C700BE9413 /* NotchViewModel+Events.swift in Sources */,
				E0DB930E2DEA38C700BE9413 /* NotchWindow.swift in Sources */,
				E0DB930F2DEA38C700BE9413 /* NotchWindowController.swift in Sources */,
				E0DB93102DEA38C700BE9413 /* PublishedPersist.swift in Sources */,
				E0DB93112DEA38C700BE9413 /* Share.swift in Sources */,
				E0DB93122DEA38C700BE9413 /* ShareView.swift in Sources */,
				E0DB93132DEA38C700BE9413 /* TrayDrop.swift in Sources */,
				E0DB93142DEA38C700BE9413 /* TrayDropDropItem.swift in Sources */,
				E0DB93152DEA38C700BE9413 /* TrayDropDropItemView.swift in Sources */,
				E0DB93162DEA38C700BE9413 /* TrayDropView.swift in Sources */,
			);
			runOnlyForDeploymentPostprocessing = 0;
		};
/* End PBXSourcesBuildPhase section */

/* Begin XCBuildConfiguration section */
		5043818D2C3A86EC000ED325 /* Debug */ = {
			isa = XCBuildConfiguration;
			buildSettings = {
				ALWAYS_SEARCH_USER_PATHS = NO;
				ASSETCATALOG_COMPILER_GENERATE_SWIFT_ASSET_SYMBOL_EXTENSIONS = YES;
				CLANG_ANALYZER_LOCALIZABILITY_NONLOCALIZED = YES;
				CLANG_ANALYZER_NONNULL = YES;
				CLANG_ANALYZER_NUMBER_OBJECT_CONVERSION = YES_AGGRESSIVE;
				CLANG_CXX_LANGUAGE_STANDARD = "gnu++20";
				CLANG_ENABLE_MODULES = YES;
				CLANG_ENABLE_OBJC_ARC = YES;
				CLANG_ENABLE_OBJC_WEAK = YES;
				CLANG_WARN_BLOCK_CAPTURE_AUTORELEASING = YES;
				CLANG_WARN_BOOL_CONVERSION = YES;
				CLANG_WARN_COMMA = YES;
				CLANG_WARN_CONSTANT_CONVERSION = YES;
				CLANG_WARN_DEPRECATED_OBJC_IMPLEMENTATIONS = YES;
				CLANG_WARN_DIRECT_OBJC_ISA_USAGE = YES_ERROR;
				CLANG_WARN_DOCUMENTATION_COMMENTS = YES;
				CLANG_WARN_EMPTY_BODY = YES;
				CLANG_WARN_ENUM_CONVERSION = YES;
				CLANG_WARN_INFINITE_RECURSION = YES;
				CLANG_WARN_INT_CONVERSION = YES;
				CLANG_WARN_NON_LITERAL_NULL_CONVERSION = YES;
				CLANG_WARN_OBJC_IMPLICIT_RETAIN_SELF = YES;
				CLANG_WARN_OBJC_LITERAL_CONVERSION = YES;
				CLANG_WARN_OBJC_ROOT_CLASS = YES_ERROR;
				CLANG_WARN_QUOTED_INCLUDE_IN_FRAMEWORK_HEADER = YES;
				CLANG_WARN_RANGE_LOOP_ANALYSIS = YES;
				CLANG_WARN_STRICT_PROTOTYPES = YES;
				CLANG_WARN_SUSPICIOUS_MOVE = YES;
				CLANG_WARN_UNGUARDED_AVAILABILITY = YES_AGGRESSIVE;
				CLANG_WARN_UNREACHABLE_CODE = YES;
				CLANG_WARN__DUPLICATE_METHOD_MATCH = YES;
				COPY_PHASE_STRIP = NO;
				DEAD_CODE_STRIPPING = YES;
				DEBUG_INFORMATION_FORMAT = dwarf;
				DEVELOPMENT_TEAM = Y22PRZL3N4;
				ENABLE_STRICT_OBJC_MSGSEND = YES;
				ENABLE_TESTABILITY = YES;
				ENABLE_USER_SCRIPT_SANDBOXING = YES;
				GCC_C_LANGUAGE_STANDARD = gnu17;
				GCC_DYNAMIC_NO_PIC = NO;
				GCC_NO_COMMON_BLOCKS = YES;
				GCC_OPTIMIZATION_LEVEL = 0;
				GCC_PREPROCESSOR_DEFINITIONS = (
					"DEBUG=1",
					"$(inherited)",
				);
				GCC_WARN_64_TO_32_BIT_CONVERSION = YES;
				GCC_WARN_ABOUT_RETURN_TYPE = YES_ERROR;
				GCC_WARN_UNDECLARED_SELECTOR = YES;
				GCC_WARN_UNINITIALIZED_AUTOS = YES_AGGRESSIVE;
				GCC_WARN_UNUSED_FUNCTION = YES;
				GCC_WARN_UNUSED_VARIABLE = YES;
				LOCALIZATION_PREFERS_STRING_CATALOGS = YES;
				MACOSX_DEPLOYMENT_TARGET = 14.5;
				MTL_ENABLE_DEBUG_INFO = INCLUDE_SOURCE;
				MTL_FAST_MATH = YES;
				ONLY_ACTIVE_ARCH = YES;
				SDKROOT = macosx;
				SWIFT_ACTIVE_COMPILATION_CONDITIONS = "DEBUG $(inherited)";
				SWIFT_EMIT_LOC_STRINGS = YES;
				SWIFT_OPTIMIZATION_LEVEL = "-Onone";
			};
			name = Debug;
		};
		5043818E2C3A86EC000ED325 /* Release */ = {
			isa = XCBuildConfiguration;
			buildSettings = {
				ALWAYS_SEARCH_USER_PATHS = NO;
				ASSETCATALOG_COMPILER_GENERATE_SWIFT_ASSET_SYMBOL_EXTENSIONS = YES;
				CLANG_ANALYZER_LOCALIZABILITY_NONLOCALIZED = YES;
				CLANG_ANALYZER_NONNULL = YES;
				CLANG_ANALYZER_NUMBER_OBJECT_CONVERSION = YES_AGGRESSIVE;
				CLANG_CXX_LANGUAGE_STANDARD = "gnu++20";
				CLANG_ENABLE_MODULES = YES;
				CLANG_ENABLE_OBJC_ARC = YES;
				CLANG_ENABLE_OBJC_WEAK = YES;
				CLANG_WARN_BLOCK_CAPTURE_AUTORELEASING = YES;
				CLANG_WARN_BOOL_CONVERSION = YES;
				CLANG_WARN_COMMA = YES;
				CLANG_WARN_CONSTANT_CONVERSION = YES;
				CLANG_WARN_DEPRECATED_OBJC_IMPLEMENTATIONS = YES;
				CLANG_WARN_DIRECT_OBJC_ISA_USAGE = YES_ERROR;
				CLANG_WARN_DOCUMENTATION_COMMENTS = YES;
				CLANG_WARN_EMPTY_BODY = YES;
				CLANG_WARN_ENUM_CONVERSION = YES;
				CLANG_WARN_INFINITE_RECURSION = YES;
				CLANG_WARN_INT_CONVERSION = YES;
				CLANG_WARN_NON_LITERAL_NULL_CONVERSION = YES;
				CLANG_WARN_OBJC_IMPLICIT_RETAIN_SELF = YES;
				CLANG_WARN_OBJC_LITERAL_CONVERSION = YES;
				CLANG_WARN_OBJC_ROOT_CLASS = YES_ERROR;
				CLANG_WARN_QUOTED_INCLUDE_IN_FRAMEWORK_HEADER = YES;
				CLANG_WARN_RANGE_LOOP_ANALYSIS = YES;
				CLANG_WARN_STRICT_PROTOTYPES = YES;
				CLANG_WARN_SUSPICIOUS_MOVE = YES;
				CLANG_WARN_UNGUARDED_AVAILABILITY = YES_AGGRESSIVE;
				CLANG_WARN_UNREACHABLE_CODE = YES;
				CLANG_WARN__DUPLICATE_METHOD_MATCH = YES;
				COPY_PHASE_STRIP = NO;
				DEAD_CODE_STRIPPING = YES;
				DEBUG_INFORMATION_FORMAT = "dwarf-with-dsym";
				DEVELOPMENT_TEAM = Y22PRZL3N4;
				ENABLE_NS_ASSERTIONS = NO;
				ENABLE_STRICT_OBJC_MSGSEND = YES;
				ENABLE_USER_SCRIPT_SANDBOXING = YES;
				GCC_C_LANGUAGE_STANDARD = gnu17;
				GCC_NO_COMMON_BLOCKS = YES;
				GCC_WARN_64_TO_32_BIT_CONVERSION = YES;
				GCC_WARN_ABOUT_RETURN_TYPE = YES_ERROR;
				GCC_WARN_UNDECLARED_SELECTOR = YES;
				GCC_WARN_UNINITIALIZED_AUTOS = YES_AGGRESSIVE;
				GCC_WARN_UNUSED_FUNCTION = YES;
				GCC_WARN_UNUSED_VARIABLE = YES;
				LOCALIZATION_PREFERS_STRING_CATALOGS = YES;
				MACOSX_DEPLOYMENT_TARGET = 14.5;
				MTL_ENABLE_DEBUG_INFO = NO;
				MTL_FAST_MATH = YES;
				SDKROOT = macosx;
				SWIFT_COMPILATION_MODE = wholemodule;
				SWIFT_EMIT_LOC_STRINGS = YES;
			};
			name = Release;
		};
		504381902C3A86EC000ED325 /* Debug */ = {
			isa = XCBuildConfiguration;
			buildSettings = {
				ASSETCATALOG_COMPILER_APPICON_NAME = AppIcon;
				ASSETCATALOG_COMPILER_GLOBAL_ACCENT_COLOR_NAME = AccentColor;
				CODE_SIGN_ENTITLEMENTS = NotchDrop/NotchDrop.entitlements;
				"CODE_SIGN_IDENTITY[sdk=macosx*]" = "Apple Development";
				CODE_SIGN_STYLE = Automatic;
				COMBINE_HIDPI_IMAGES = YES;
				CURRENT_PROJECT_VERSION = 42;
				DEAD_CODE_STRIPPING = YES;
				ENABLE_HARDENED_RUNTIME = YES;
				ENABLE_PREVIEWS = YES;
				GENERATE_INFOPLIST_FILE = YES;
				INFOPLIST_FILE = NotchDrop/Info.plist;
				INFOPLIST_KEY_CFBundleDisplayName = NotchDrop;
				INFOPLIST_KEY_ITSAppUsesNonExemptEncryption = NO;
				INFOPLIST_KEY_LSApplicationCategoryType = "public.app-category.utilities";
				INFOPLIST_KEY_LSUIElement = YES;
				INFOPLIST_KEY_NSHumanReadableCopyright = "Copyright © 2024 Lakr Aream. All rights reserved.";
				LD_RUNPATH_SEARCH_PATHS = (
					"$(inherited)",
					"@executable_path/../Frameworks",
				);
				MACOSX_DEPLOYMENT_TARGET = 13.0;
				MARKETING_VERSION = 2.16;
				PRODUCT_BUNDLE_IDENTIFIER = com.liamwilley.NotchDrop;
				PRODUCT_NAME = "$(TARGET_NAME)";
				SWIFT_EMIT_LOC_STRINGS = YES;
				SWIFT_VERSION = 5.0;
			};
			name = Debug;
		};
		504381912C3A86EC000ED325 /* Release */ = {
			isa = XCBuildConfiguration;
			buildSettings = {
				ASSETCATALOG_COMPILER_APPICON_NAME = AppIcon;
				ASSETCATALOG_COMPILER_GLOBAL_ACCENT_COLOR_NAME = AccentColor;
				CODE_SIGN_ENTITLEMENTS = NotchDrop/NotchDrop.entitlements;
				"CODE_SIGN_IDENTITY[sdk=macosx*]" = "Apple Development";
				CODE_SIGN_STYLE = Automatic;
				COMBINE_HIDPI_IMAGES = YES;
				CURRENT_PROJECT_VERSION = 42;
				DEAD_CODE_STRIPPING = YES;
				ENABLE_HARDENED_RUNTIME = YES;
				ENABLE_PREVIEWS = YES;
				GENERATE_INFOPLIST_FILE = YES;
				INFOPLIST_FILE = NotchDrop/Info.plist;
				INFOPLIST_KEY_CFBundleDisplayName = NotchDrop;
				INFOPLIST_KEY_ITSAppUsesNonExemptEncryption = NO;
				INFOPLIST_KEY_LSApplicationCategoryType = "public.app-category.utilities";
				INFOPLIST_KEY_LSUIElement = YES;
				INFOPLIST_KEY_NSHumanReadableCopyright = "Copyright © 2024 Lakr Aream. All rights reserved.";
				LD_RUNPATH_SEARCH_PATHS = (
					"$(inherited)",
					"@executable_path/../Frameworks",
				);
				MACOSX_DEPLOYMENT_TARGET = 13.0;
				MARKETING_VERSION = 2.16;
				PRODUCT_BUNDLE_IDENTIFIER = com.liamwilley.NotchDrop;
				PRODUCT_NAME = "$(TARGET_NAME)";
				SWIFT_EMIT_LOC_STRINGS = YES;
				SWIFT_VERSION = 5.0;
			};
			name = Release;
		};
/* End XCBuildConfiguration section */

/* Begin XCConfigurationList section */
		5043817B2C3A86EA000ED325 /* Build configuration list for PBXProject "NotchDrop" */ = {
			isa = XCConfigurationList;
			buildConfigurations = (
				5043818D2C3A86EC000ED325 /* Debug */,
				5043818E2C3A86EC000ED325 /* Release */,
			);
			defaultConfigurationIsVisible = 0;
			defaultConfigurationName = Release;
		};
		5043818F2C3A86EC000ED325 /* Build configuration list for PBXNativeTarget "NotchDrop" */ = {
			isa = XCConfigurationList;
			buildConfigurations = (
				504381902C3A86EC000ED325 /* Debug */,
				504381912C3A86EC000ED325 /* Release */,
			);
			defaultConfigurationIsVisible = 0;
			defaultConfigurationName = Release;
		};
/* End XCConfigurationList section */

/* Begin XCRemoteSwiftPackageReference section */
		E0CBB31C2DEA15D200F181D2 /* XCRemoteSwiftPackageReference "swift-collections" */ = {
			isa = XCRemoteSwiftPackageReference;
			repositoryURL = "https://github.com/apple/swift-collections";
			requirement = {
				kind = upToNextMajorVersion;
				minimumVersion = 1.2.0;
			};
		};
		E0CBB3272DEA15FF00F181D2 /* XCRemoteSwiftPackageReference "LaunchAtLogin-Modern" */ = {
			isa = XCRemoteSwiftPackageReference;
			repositoryURL = "https://github.com/sindresorhus/LaunchAtLogin-Modern";
			requirement = {
				kind = upToNextMajorVersion;
				minimumVersion = 1.0.0;
			};
		};
/* End XCRemoteSwiftPackageReference section */

/* Begin XCSwiftPackageProductDependency section */
		E0CBB31D2DEA15D200F181D2 /* BitCollections */ = {
			isa = XCSwiftPackageProductDependency;
			package = E0CBB31C2DEA15D200F181D2 /* XCRemoteSwiftPackageReference "swift-collections" */;
			productName = BitCollections;
		};
		E0CBB31F2DEA15D200F181D2 /* Collections */ = {
			isa = XCSwiftPackageProductDependency;
			package = E0CBB31C2DEA15D200F181D2 /* XCRemoteSwiftPackageReference "swift-collections" */;
			productName = Collections;
		};
		E0CBB3212DEA15D200F181D2 /* DequeModule */ = {
			isa = XCSwiftPackageProductDependency;
			package = E0CBB31C2DEA15D200F181D2 /* XCRemoteSwiftPackageReference "swift-collections" */;
			productName = DequeModule;
		};
		E0CBB3232DEA15D200F181D2 /* HashTreeCollections */ = {
			isa = XCSwiftPackageProductDependency;
			package = E0CBB31C2DEA15D200F181D2 /* XCRemoteSwiftPackageReference "swift-collections" */;
			productName = HashTreeCollections;
		};
		E0CBB3252DEA15D200F181D2 /* HeapModule */ = {
			isa = XCSwiftPackageProductDependency;
			package = E0CBB31C2DEA15D200F181D2 /* XCRemoteSwiftPackageReference "swift-collections" */;
			productName = HeapModule;
		};
		E0CBB3282DEA15FF00F181D2 /* LaunchAtLogin */ = {
			isa = XCSwiftPackageProductDependency;
			package = E0CBB3272DEA15FF00F181D2 /* XCRemoteSwiftPackageReference "LaunchAtLogin-Modern" */;
			productName = LaunchAtLogin;
		};
/* End XCSwiftPackageProductDependency section */
	};
	rootObject = 504381782C3A86EA000ED325 /* Project object */;
}
